<?xml version="1.0" encoding="utf-8"?>
<Project ToolsVersion="4.0" xmlns="http://schemas.microsoft.com/developer/msbuild/2003">
  <ItemGroup>
    <Filter Include="Source Files">
      <UniqueIdentifier>{4FC737F1-C7A5-4376-A066-2A32D752A2FF}</UniqueIdentifier>
      <Extensions>cpp;c;cc;cxx;c++;cppm;ixx;def;odl;idl;hpj;bat;asm;asmx</Extensions>
    </Filter>
    <Filter Include="Header Files">
      <UniqueIdentifier>{93995380-89BD-4b04-88EB-625FBE52EBFB}</UniqueIdentifier>
      <Extensions>h;hh;hpp;hxx;h++;hm;inl;inc;ipp;xsd</Extensions>
    </Filter>
    <Filter Include="Resource Files">
      <UniqueIdentifier>{67DA6AB6-F800-4c08-8B7A-83BB121AAD01}</UniqueIdentifier>
      <Extensions>rc;ico;cur;bmp;dlg;rc2;rct;bin;rgs;gif;jpg;jpeg;jpe;resx;tiff;tif;png;wav;mfcribbon-ms</Extensions>
    </Filter>
    <Filter Include="Source Files\nvmDriver">
      <UniqueIdentifier>{bd557e36-9855-4ca1-a418-74c7f6c9be34}</UniqueIdentifier>
    </Filter>
    <Filter Include="Source Files\attributeDatabase">
      <UniqueIdentifier>{ebb20329-b18b-4cae-8a7b-cda2dc858db5}</UniqueIdentifier>
    </Filter>
    <Filter Include="Unit_Tests_Source_Files">
      <UniqueIdentifier>{4c495405-e74b-4d05-8d5a-9c8840b3dfed}</UniqueIdentifier>
    </Filter>
    <Filter Include="Source Files\crcCheck">
      <UniqueIdentifier>{e64656cd-feb9-4021-8899-ee524b02e676}</UniqueIdentifier>
    </Filter>
    <Filter Include="Source Files\debugFunctions">
      <UniqueIdentifier>{5343dffd-fac8-457e-8942-7d8e86869178}</UniqueIdentifier>
    </Filter>
    <Filter Include="Source Files\databaseTestHelper">
      <UniqueIdentifier>{6bce7cb1-61d3-4ba8-8e51-f891c5f63322}</UniqueIdentifier>
    </Filter>
    <Filter Include="Source Files\databaseInterface">
      <UniqueIdentifier>{4f0227d2-2cfd-44ff-8123-c6fada805e7d}</UniqueIdentifier>
    </Filter>
    <Filter Include="Unit_Tests_Source_Files\testSetGetAttribute">
      <UniqueIdentifier>{aa8a5061-73e1-474e-8b02-e396e77afb5e}</UniqueIdentifier>
    </Filter>
  </ItemGroup>
  <ItemGroup>
    <ClCompile Include="crcCheck.c">
      <Filter>Source Files\crcCheck</Filter>
    </ClCompile>
    <ClCompile Include="attributeDatabase.c">
      <Filter>Source Files\attributeDatabase</Filter>
    </ClCompile>
    <ClCompile Include="nvmDriver.c">
      <Filter>Source Files\nvmDriver</Filter>
    </ClCompile>
    <ClCompile Include="memory.c">
      <Filter>Source Files</Filter>
    </ClCompile>
    <ClCompile Include="debugFunctions.c">
      <Filter>Source Files\debugFunctions</Filter>
    </ClCompile>
    <ClCompile Include="databaseTestHelper.c">
      <Filter>Source Files\databaseTestHelper</Filter>
    </ClCompile>
    <ClCompile Include="databaseInterface.c">
      <Filter>Source Files\databaseInterface</Filter>
    </ClCompile>
    <ClCompile Include="testSetGetAttribute.c">
      <Filter>Unit_Tests_Source_Files\testSetGetAttribute</Filter>
    </ClCompile>
  </ItemGroup>
  <ItemGroup>
    <ClInclude Include="nvmDriver.h">
      <Filter>Source Files\nvmDriver</Filter>
    </ClInclude>
    <ClInclude Include="attributeDatabase.h">
      <Filter>Source Files\attributeDatabase</Filter>
    </ClInclude>
    <ClInclude Include="attributes.h">
      <Filter>Source Files</Filter>
    </ClInclude>
    <ClInclude Include="crcCheck.h">
      <Filter>Source Files\crcCheck</Filter>
    </ClInclude>
    <ClInclude Include="debugFunctions.h">
      <Filter>Source Files\debugFunctions</Filter>
    </ClInclude>
    <ClInclude Include="databaseTestHelper.h">
      <Filter>Source Files\databaseTestHelper</Filter>
    </ClInclude>
    <ClInclude Include="databaseInterface.h">
      <Filter>Source Files\databaseInterface</Filter>
    </ClInclude>
    <ClInclude Include="testSetGetAttribute.h">
      <Filter>Unit_Tests_Source_Files\testSetGetAttribute</Filter>
    </ClInclude>
    <ClInclude Include="nvmDriverError.h">
      <Filter>Source Files\nvmDriver</Filter>
    </ClInclude>
  </ItemGroup>
</Project>